
Microsoft Visual Studio Solution File, Format Version 12.00
# Visual Studio 15
VisualStudioVersion = 15.0.27703.1
MinimumVisualStudioVersion = 10.0.40219.1
Project("{FAE04EC0-301F-11D3-BF4B-00C04F79EFBC}") = "Lab1", "Lab1\Lab1.csproj", "{9B9F01D1-D4C0-4000-A97E-4AFC40D6F952}"
EndProject
Global
	GlobalSection(SolutionConfigurationPlatforms) = preSolution
		Debug|Any CPU = Debug|Any CPU
		Release|Any CPU = Release|Any CPU
	EndGlobalSection
	GlobalSection(ProjectConfigurationPlatforms) = postSolution
		{9B9F01D1-D4C0-4000-A97E-4AFC40D6F952}.Debug|Any CPU.ActiveCfg = Debug|Any CPU
		{9B9F01D1-D4C0-4000-A97E-4AFC40D6F952}.Debug|Any CPU.Build.0 = Debug|Any CPU
		{9B9F01D1-D4C0-4000-A97E-4AFC40D6F952}.Release|Any CPU.ActiveCfg = Release|Any CPU
		{9B9F01D1-D4C0-4000-A97E-4AFC40D6F952}.Release|Any CPU.Build.0 = Release|Any CPU
	EndGlobalSection
	GlobalSection(SolutionProperties) = preSolution
		HideSolutionNode = FALSE
	EndGlobalSection
	GlobalSection(ExtensibilityGlobals) = postSolution
		SolutionGuid = {75E0B73E-023C-4575-AFAF-BFD7D8AC011D}
	EndGlobalSection
EndGlobal
